
Microsoft Visual Studio Solution File, Format Version 12.00
# Visual Studio Version 17
VisualStudioVersion = 17.0.31521.260
MinimumVisualStudioVersion = 10.0.40219.1
Project("{9A19103F-16F7-4668-BE54-9A1E7A4F7556}") = "StopMetrics", "StopMetrics\StopMetrics.csproj", "{E2637698-E4E4-4314-9121-81BACCBFC6A8}"
EndProject
Global
	GlobalSection(SolutionConfigurationPlatforms) = preSolution
		Debug|Any CPU = Debug|Any CPU
		DebugPublish|Any CPU = DebugPublish|Any CPU
		Release|Any CPU = Release|Any CPU
	EndGlobalSection
	GlobalSection(ProjectConfigurationPlatforms) = postSolution
		{E2637698-E4E4-4314-9121-81BACCBFC6A8}.Debug|Any CPU.ActiveCfg = Debug|Any CPU
		{E2637698-E4E4-4314-9121-81BACCBFC6A8}.Debug|Any CPU.Build.0 = Debug|Any CPU
		{E2637698-E4E4-4314-9121-81BACCBFC6A8}.DebugPublish|Any CPU.ActiveCfg = DebugPublish|Any CPU
		{E2637698-E4E4-4314-9121-81BACCBFC6A8}.DebugPublish|Any CPU.Build.0 = DebugPublish|Any CPU
		{E2637698-E4E4-4314-9121-81BACCBFC6A8}.Release|Any CPU.ActiveCfg = Release|Any CPU
		{E2637698-E4E4-4314-9121-81BACCBFC6A8}.Release|Any CPU.Build.0 = Release|Any CPU
	EndGlobalSection
	GlobalSection(SolutionProperties) = preSolution
		HideSolutionNode = FALSE
	EndGlobalSection
	GlobalSection(ExtensibilityGlobals) = postSolution
		SolutionGuid = {89B29C7C-2DF2-4F99-87AF-1355AC43BC83}
	EndGlobalSection
EndGlobal
